{
  "lockfileVersion": 1,
  "configVersion": 1,
  "workspaces": {
    "": {
      "name": "lab",
      "devDependencies": {
        "prettier": "3.8.1",
      },
    },
  },
  "catalog": {
    "eslint": "^10.1.0",
    "typescript": "^6.0.2",
  },
  "catalogs": {
    "types": {
      "@types/bun": "^1.3.11",
    },
  },
  "packages": {
    "prettier": ["prettier@3.8.1", "", { "bin": { "prettier": "bin/prettier.cjs" } }, "sha512-UOnG6LftzbdaHZcKoPFtOcCKztrQ57WkHDeRD9t/PTQtmT0NHSeWWepj6pS0z/N7+08BHFDQVUrfmfMRcZwbMg=="],
  }
}
